
Microsoft Visual Studio Solution File, Format Version 12.00
# Visual Studio Version 17
VisualStudioVersion = 17.0.31903.59
MinimumVisualStudioVersion = 10.0.40219.1
Project("{FAE04EC0-301F-11D3-BF4B-00C04F79EFBC}") = "01", "01\01.csproj", "{656C45E6-107A-406D-B1DF-243D5932DA23}"
EndProject
Project("{FAE04EC0-301F-11D3-BF4B-00C04F79EFBC}") = "02", "02\02.csproj", "{7A8D2F45-D885-4B55-87FD-D045E01CCD23}"
EndProject
Project("{FAE04EC0-301F-11D3-BF4B-00C04F79EFBC}") = "03", "03\03.csproj", "{1917D212-D335-42A5-AC07-350992FAB146}"
EndProject
Global
	GlobalSection(SolutionConfigurationPlatforms) = preSolution
		Debug|Any CPU = Debug|Any CPU
		Release|Any CPU = Release|Any CPU
	EndGlobalSection
	GlobalSection(ProjectConfigurationPlatforms) = postSolution
		{656C45E6-107A-406D-B1DF-243D5932DA23}.Debug|Any CPU.ActiveCfg = Debug|Any CPU
		{656C45E6-107A-406D-B1DF-243D5932DA23}.Debug|Any CPU.Build.0 = Debug|Any CPU
		{656C45E6-107A-406D-B1DF-243D5932DA23}.Release|Any CPU.ActiveCfg = Release|Any CPU
		{656C45E6-107A-406D-B1DF-243D5932DA23}.Release|Any CPU.Build.0 = Release|Any CPU
		{7A8D2F45-D885-4B55-87FD-D045E01CCD23}.Debug|Any CPU.ActiveCfg = Debug|Any CPU
		{7A8D2F45-D885-4B55-87FD-D045E01CCD23}.Debug|Any CPU.Build.0 = Debug|Any CPU
		{7A8D2F45-D885-4B55-87FD-D045E01CCD23}.Release|Any CPU.ActiveCfg = Release|Any CPU
		{7A8D2F45-D885-4B55-87FD-D045E01CCD23}.Release|Any CPU.Build.0 = Release|Any CPU
		{1917D212-D335-42A5-AC07-350992FAB146}.Debug|Any CPU.ActiveCfg = Debug|Any CPU
		{1917D212-D335-42A5-AC07-350992FAB146}.Debug|Any CPU.Build.0 = Debug|Any CPU
		{1917D212-D335-42A5-AC07-350992FAB146}.Release|Any CPU.ActiveCfg = Release|Any CPU
		{1917D212-D335-42A5-AC07-350992FAB146}.Release|Any CPU.Build.0 = Release|Any CPU
	EndGlobalSection
	GlobalSection(SolutionProperties) = preSolution
		HideSolutionNode = FALSE
	EndGlobalSection
	GlobalSection(ExtensibilityGlobals) = postSolution
		SolutionGuid = {F0602E5C-0CDC-4CC1-B3A2-EEA83CA3C51B}
	EndGlobalSection
EndGlobal
